
Microsoft Visual Studio Solution File, Format Version 12.00
# Visual Studio Version 17
VisualStudioVersion = 17.3.32922.545
MinimumVisualStudioVersion = 10.0.40219.1
Project("{8BC9CEB8-8B4A-11D0-8D11-00A0C91BC942}") = "LinkedListIterator", "LinkedListIterator\LinkedListIterator.vcxproj", "{28E5A473-4DB2-4E5D-AAF1-7A1D86D3AE03}"
EndProject
Project("{8BC9CEB8-8B4A-11D0-8D11-00A0C91BC942}") = "IteratorTest", "IteratorTest\IteratorTest.vcxproj", "{EEC749A2-B985-4D39-997C-E190DAB5CD4E}"
EndProject
Global
	GlobalSection(SolutionConfigurationPlatforms) = preSolution
		Debug|x64 = Debug|x64
		Debug|x86 = Debug|x86
		Release|x64 = Release|x64
		Release|x86 = Release|x86
	EndGlobalSection
	GlobalSection(ProjectConfigurationPlatforms) = postSolution
		{28E5A473-4DB2-4E5D-AAF1-7A1D86D3AE03}.Debug|x64.ActiveCfg = Debug|x64
		{28E5A473-4DB2-4E5D-AAF1-7A1D86D3AE03}.Debug|x64.Build.0 = Debug|x64
		{28E5A473-4DB2-4E5D-AAF1-7A1D86D3AE03}.Debug|x86.ActiveCfg = Debug|Win32
		{28E5A473-4DB2-4E5D-AAF1-7A1D86D3AE03}.Debug|x86.Build.0 = Debug|Win32
		{28E5A473-4DB2-4E5D-AAF1-7A1D86D3AE03}.Release|x64.ActiveCfg = Release|x64
		{28E5A473-4DB2-4E5D-AAF1-7A1D86D3AE03}.Release|x64.Build.0 = Release|x64
		{28E5A473-4DB2-4E5D-AAF1-7A1D86D3AE03}.Release|x86.ActiveCfg = Release|Win32
		{28E5A473-4DB2-4E5D-AAF1-7A1D86D3AE03}.Release|x86.Build.0 = Release|Win32
		{EEC749A2-B985-4D39-997C-E190DAB5CD4E}.Debug|x64.ActiveCfg = Debug|x64
		{EEC749A2-B985-4D39-997C-E190DAB5CD4E}.Debug|x64.Build.0 = Debug|x64
		{EEC749A2-B985-4D39-997C-E190DAB5CD4E}.Debug|x86.ActiveCfg = Debug|Win32
		{EEC749A2-B985-4D39-997C-E190DAB5CD4E}.Debug|x86.Build.0 = Debug|Win32
		{EEC749A2-B985-4D39-997C-E190DAB5CD4E}.Release|x64.ActiveCfg = Release|x64
		{EEC749A2-B985-4D39-997C-E190DAB5CD4E}.Release|x64.Build.0 = Release|x64
		{EEC749A2-B985-4D39-997C-E190DAB5CD4E}.Release|x86.ActiveCfg = Release|Win32
		{EEC749A2-B985-4D39-997C-E190DAB5CD4E}.Release|x86.Build.0 = Release|Win32
	EndGlobalSection
	GlobalSection(SolutionProperties) = preSolution
		HideSolutionNode = FALSE
	EndGlobalSection
	GlobalSection(ExtensibilityGlobals) = postSolution
		SolutionGuid = {75007B31-4223-4D9A-AAD5-859E31E5DD0D}
	EndGlobalSection
EndGlobal
